
Microsoft Visual Studio Solution File, Format Version 12.00
# Visual Studio 14
VisualStudioVersion = 14.0.25420.1
MinimumVisualStudioVersion = 10.0.40219.1
Project("{FAE04EC0-301F-11D3-BF4B-00C04F79EFBC}") = "MagicEightBall.Mobile", "MagicEightBall.Mobile\MagicEightBall.Mobile\MagicEightBall.Mobile.csproj", "{8F0D8FDE-3E69-4FFD-A122-283F961AB1EE}"
EndProject
Project("{FAE04EC0-301F-11D3-BF4B-00C04F79EFBC}") = "MagicEightBall.Mobile.Droid", "MagicEightBall.Mobile\MagicEightBall.Mobile.Droid\MagicEightBall.Mobile.Droid.csproj", "{E7344D7B-C2F0-48D0-83B2-BC1812071C69}"
EndProject
Project("{FAE04EC0-301F-11D3-BF4B-00C04F79EFBC}") = "MagicEightBall.Mobile.iOS", "MagicEightBall.Mobile\MagicEightBall.Mobile.iOS\MagicEightBall.Mobile.iOS.csproj", "{A818FDCF-8E92-4B6E-8C91-A65B7FDE8949}"
EndProject
Project("{FAE04EC0-301F-11D3-BF4B-00C04F79EFBC}") = "MagicEightBall.Mobile.UWP", "MagicEightBall.Mobile\MagicEightBall.Mobile.UWP\MagicEightBall.Mobile.UWP.csproj", "{9D77C554-F6D9-4269-AE86-EBBA62685774}"
EndProject
Global
	GlobalSection(SolutionConfigurationPlatforms) = preSolution
		Ad-Hoc|Any CPU = Ad-Hoc|Any CPU
		Ad-Hoc|ARM = Ad-Hoc|ARM
		Ad-Hoc|iPhone = Ad-Hoc|iPhone
		Ad-Hoc|iPhoneSimulator = Ad-Hoc|iPhoneSimulator
		Ad-Hoc|x64 = Ad-Hoc|x64
		Ad-Hoc|x86 = Ad-Hoc|x86
		AppStore|Any CPU = AppStore|Any CPU
		AppStore|ARM = AppStore|ARM
		AppStore|iPhone = AppStore|iPhone
		AppStore|iPhoneSimulator = AppStore|iPhoneSimulator
		AppStore|x64 = AppStore|x64
		AppStore|x86 = AppStore|x86
		Debug|Any CPU = Debug|Any CPU
		Debug|ARM = Debug|ARM
		Debug|iPhone = Debug|iPhone
		Debug|iPhoneSimulator = Debug|iPhoneSimulator
		Debug|x64 = Debug|x64
		Debug|x86 = Debug|x86
		Release|Any CPU = Release|Any CPU
		Release|ARM = Release|ARM
		Release|iPhone = Release|iPhone
		Release|iPhoneSimulator = Release|iPhoneSimulator
		Release|x64 = Release|x64
		Release|x86 = Release|x86
	EndGlobalSection
	GlobalSection(ProjectConfigurationPlatforms) = postSolution
		{8F0D8FDE-3E69-4FFD-A122-283F961AB1EE}.Ad-Hoc|Any CPU.ActiveCfg = Release|Any CPU
		{8F0D8FDE-3E69-4FFD-A122-283F961AB1EE}.Ad-Hoc|Any CPU.Build.0 = Release|Any CPU
		{8F0D8FDE-3E69-4FFD-A122-283F961AB1EE}.Ad-Hoc|ARM.ActiveCfg = Release|Any CPU
		{8F0D8FDE-3E69-4FFD-A122-283F961AB1EE}.Ad-Hoc|ARM.Build.0 = Release|Any CPU
		{8F0D8FDE-3E69-4FFD-A122-283F961AB1EE}.Ad-Hoc|iPhone.ActiveCfg = Release|Any CPU
		{8F0D8FDE-3E69-4FFD-A122-283F961AB1EE}.Ad-Hoc|iPhone.Build.0 = Release|Any CPU
		{8F0D8FDE-3E69-4FFD-A122-283F961AB1EE}.Ad-Hoc|iPhoneSimulator.ActiveCfg = Release|Any CPU
		{8F0D8FDE-3E69-4FFD-A122-283F961AB1EE}.Ad-Hoc|iPhoneSimulator.Build.0 = Release|Any CPU
		{8F0D8FDE-3E69-4FFD-A122-283F961AB1EE}.Ad-Hoc|x64.ActiveCfg = Release|Any CPU
		{8F0D8FDE-3E69-4FFD-A122-283F961AB1EE}.Ad-Hoc|x64.Build.0 = Release|Any CPU
		{8F0D8FDE-3E69-4FFD-A122-283F961AB1EE}.Ad-Hoc|x86.ActiveCfg = Release|Any CPU
		{8F0D8FDE-3E69-4FFD-A122-283F961AB1EE}.Ad-Hoc|x86.Build.0 = Release|Any CPU
		{8F0D8FDE-3E69-4FFD-A122-283F961AB1EE}.AppStore|Any CPU.ActiveCfg = Release|Any CPU
		{8F0D8FDE-3E69-4FFD-A122-283F961AB1EE}.AppStore|Any CPU.Build.0 = Release|Any CPU
		{8F0D8FDE-3E69-4FFD-A122-283F961AB1EE}.AppStore|ARM.ActiveCfg = Release|Any CPU
		{8F0D8FDE-3E69-4FFD-A122-283F961AB1EE}.AppStore|ARM.Build.0 = Release|Any CPU
		{8F0D8FDE-3E69-4FFD-A122-283F961AB1EE}.AppStore|iPhone.ActiveCfg = Release|Any CPU
		{8F0D8FDE-3E69-4FFD-A122-283F961AB1EE}.AppStore|iPhone.Build.0 = Release|Any CPU
		{8F0D8FDE-3E69-4FFD-A122-283F961AB1EE}.AppStore|iPhoneSimulator.ActiveCfg = Release|Any CPU
		{8F0D8FDE-3E69-4FFD-A122-283F961AB1EE}.AppStore|iPhoneSimulator.Build.0 = Release|Any CPU
		{8F0D8FDE-3E69-4FFD-A122-283F961AB1EE}.AppStore|x64.ActiveCfg = Release|Any CPU
		{8F0D8FDE-3E69-4FFD-A122-283F961AB1EE}.AppStore|x64.Build.0 = Release|Any CPU
		{8F0D8FDE-3E69-4FFD-A122-283F961AB1EE}.AppStore|x86.ActiveCfg = Release|Any CPU
		{8F0D8FDE-3E69-4FFD-A122-283F961AB1EE}.AppStore|x86.Build.0 = Release|Any CPU
		{8F0D8FDE-3E69-4FFD-A122-283F961AB1EE}.Debug|Any CPU.ActiveCfg = Debug|Any CPU
		{8F0D8FDE-3E69-4FFD-A122-283F961AB1EE}.Debug|Any CPU.Build.0 = Debug|Any CPU
		{8F0D8FDE-3E69-4FFD-A122-283F961AB1EE}.Debug|ARM.ActiveCfg = Debug|Any CPU
		{8F0D8FDE-3E69-4FFD-A122-283F961AB1EE}.Debug|ARM.Build.0 = Debug|Any CPU
		{8F0D8FDE-3E69-4FFD-A122-283F961AB1EE}.Debug|iPhone.ActiveCfg = Debug|Any CPU
		{8F0D8FDE-3E69-4FFD-A122-283F961AB1EE}.Debug|iPhone.Build.0 = Debug|Any CPU
		{8F0D8FDE-3E69-4FFD-A122-283F961AB1EE}.Debug|iPhoneSimulator.ActiveCfg = Debug|Any CPU
		{8F0D8FDE-3E69-4FFD-A122-283F961AB1EE}.Debug|iPhoneSimulator.Build.0 = Debug|Any CPU
		{8F0D8FDE-3E69-4FFD-A122-283F961AB1EE}.Debug|x64.ActiveCfg = Debug|Any CPU
		{8F0D8FDE-3E69-4FFD-A122-283F961AB1EE}.Debug|x64.Build.0 = Debug|Any CPU
		{8F0D8FDE-3E69-4FFD-A122-283F961AB1EE}.Debug|x86.ActiveCfg = Debug|Any CPU
		{8F0D8FDE-3E69-4FFD-A122-283F961AB1EE}.Debug|x86.Build.0 = Debug|Any CPU
		{8F0D8FDE-3E69-4FFD-A122-283F961AB1EE}.Release|Any CPU.ActiveCfg = Release|Any CPU
		{8F0D8FDE-3E69-4FFD-A122-283F961AB1EE}.Release|Any CPU.Build.0 = Release|Any CPU
		{8F0D8FDE-3E69-4FFD-A122-283F961AB1EE}.Release|ARM.ActiveCfg = Release|Any CPU
		{8F0D8FDE-3E69-4FFD-A122-283F961AB1EE}.Release|ARM.Build.0 = Release|Any CPU
		{8F0D8FDE-3E69-4FFD-A122-283F961AB1EE}.Release|iPhone.ActiveCfg = Release|Any CPU
		{8F0D8FDE-3E69-4FFD-A122-283F961AB1EE}.Release|iPhone.Build.0 = Release|Any CPU
		{8F0D8FDE-3E69-4FFD-A122-283F961AB1EE}.Release|iPhoneSimulator.ActiveCfg = Release|Any CPU
		{8F0D8FDE-3E69-4FFD-A122-283F961AB1EE}.Release|iPhoneSimulator.Build.0 = Release|Any CPU
		{8F0D8FDE-3E69-4FFD-A122-283F961AB1EE}.Release|x64.ActiveCfg = Release|Any CPU
		{8F0D8FDE-3E69-4FFD-A122-283F961AB1EE}.Release|x64.Build.0 = Release|Any CPU
		{8F0D8FDE-3E69-4FFD-A122-283F961AB1EE}.Release|x86.ActiveCfg = Release|Any CPU
		{8F0D8FDE-3E69-4FFD-A122-283F961AB1EE}.Release|x86.Build.0 = Release|Any CPU
		{E7344D7B-C2F0-48D0-83B2-BC1812071C69}.Ad-Hoc|Any CPU.ActiveCfg = Release|Any CPU
		{E7344D7B-C2F0-48D0-83B2-BC1812071C69}.Ad-Hoc|Any CPU.Build.0 = Release|Any CPU
		{E7344D7B-C2F0-48D0-83B2-BC1812071C69}.Ad-Hoc|Any CPU.Deploy.0 = Release|Any CPU
		{E7344D7B-C2F0-48D0-83B2-BC1812071C69}.Ad-Hoc|ARM.ActiveCfg = Release|Any CPU
		{E7344D7B-C2F0-48D0-83B2-BC1812071C69}.Ad-Hoc|ARM.Build.0 = Release|Any CPU
		{E7344D7B-C2F0-48D0-83B2-BC1812071C69}.Ad-Hoc|ARM.Deploy.0 = Release|Any CPU
		{E7344D7B-C2F0-48D0-83B2-BC1812071C69}.Ad-Hoc|iPhone.ActiveCfg = Release|Any CPU
		{E7344D7B-C2F0-48D0-83B2-BC1812071C69}.Ad-Hoc|iPhone.Build.0 = Release|Any CPU
		{E7344D7B-C2F0-48D0-83B2-BC1812071C69}.Ad-Hoc|iPhone.Deploy.0 = Release|Any CPU
		{E7344D7B-C2F0-48D0-83B2-BC1812071C69}.Ad-Hoc|iPhoneSimulator.ActiveCfg = Release|Any CPU
		{E7344D7B-C2F0-48D0-83B2-BC1812071C69}.Ad-Hoc|iPhoneSimulator.Build.0 = Release|Any CPU
		{E7344D7B-C2F0-48D0-83B2-BC1812071C69}.Ad-Hoc|iPhoneSimulator.Deploy.0 = Release|Any CPU
		{E7344D7B-C2F0-48D0-83B2-BC1812071C69}.Ad-Hoc|x64.ActiveCfg = Release|Any CPU
		{E7344D7B-C2F0-48D0-83B2-BC1812071C69}.Ad-Hoc|x64.Build.0 = Release|Any CPU
		{E7344D7B-C2F0-48D0-83B2-BC1812071C69}.Ad-Hoc|x64.Deploy.0 = Release|Any CPU
		{E7344D7B-C2F0-48D0-83B2-BC1812071C69}.Ad-Hoc|x86.ActiveCfg = Release|Any CPU
		{E7344D7B-C2F0-48D0-83B2-BC1812071C69}.Ad-Hoc|x86.Build.0 = Release|Any CPU
		{E7344D7B-C2F0-48D0-83B2-BC1812071C69}.Ad-Hoc|x86.Deploy.0 = Release|Any CPU
		{E7344D7B-C2F0-48D0-83B2-BC1812071C69}.AppStore|Any CPU.ActiveCfg = Release|Any CPU
		{E7344D7B-C2F0-48D0-83B2-BC1812071C69}.AppStore|Any CPU.Build.0 = Release|Any CPU
		{E7344D7B-C2F0-48D0-83B2-BC1812071C69}.AppStore|Any CPU.Deploy.0 = Release|Any CPU
		{E7344D7B-C2F0-48D0-83B2-BC1812071C69}.AppStore|ARM.ActiveCfg = Release|Any CPU
		{E7344D7B-C2F0-48D0-83B2-BC1812071C69}.AppStore|ARM.Build.0 = Release|Any CPU
		{E7344D7B-C2F0-48D0-83B2-BC1812071C69}.AppStore|ARM.Deploy.0 = Release|Any CPU
		{E7344D7B-C2F0-48D0-83B2-BC1812071C69}.AppStore|iPhone.ActiveCfg = Release|Any CPU
		{E7344D7B-C2F0-48D0-83B2-BC1812071C69}.AppStore|iPhoneSimulator.ActiveCfg = Release|Any CPU
		{E7344D7B-C2F0-48D0-83B2-BC1812071C69}.AppStore|iPhoneSimulator.Build.0 = Release|Any CPU
		{E7344D7B-C2F0-48D0-83B2-BC1812071C69}.AppStore|iPhoneSimulator.Deploy.0 = Release|Any CPU
		{E7344D7B-C2F0-48D0-83B2-BC1812071C69}.AppStore|x64.ActiveCfg = Release|Any CPU
		{E7344D7B-C2F0-48D0-83B2-BC1812071C69}.AppStore|x64.Build.0 = Release|Any CPU
		{E7344D7B-C2F0-48D0-83B2-BC1812071C69}.AppStore|x64.Deploy.0 = Release|Any CPU
		{E7344D7B-C2F0-48D0-83B2-BC1812071C69}.AppStore|x86.ActiveCfg = Release|Any CPU
		{E7344D7B-C2F0-48D0-83B2-BC1812071C69}.AppStore|x86.Build.0 = Release|Any CPU
		{E7344D7B-C2F0-48D0-83B2-BC1812071C69}.AppStore|x86.Deploy.0 = Release|Any CPU
		{E7344D7B-C2F0-48D0-83B2-BC1812071C69}.Debug|Any CPU.ActiveCfg = Debug|Any CPU
		{E7344D7B-C2F0-48D0-83B2-BC1812071C69}.Debug|Any CPU.Build.0 = Debug|Any CPU
		{E7344D7B-C2F0-48D0-83B2-BC1812071C69}.Debug|Any CPU.Deploy.0 = Debug|Any CPU
		{E7344D7B-C2F0-48D0-83B2-BC1812071C69}.Debug|ARM.ActiveCfg = Debug|Any CPU
		{E7344D7B-C2F0-48D0-83B2-BC1812071C69}.Debug|ARM.Build.0 = Debug|Any CPU
		{E7344D7B-C2F0-48D0-83B2-BC1812071C69}.Debug|ARM.Deploy.0 = Debug|Any CPU
		{E7344D7B-C2F0-48D0-83B2-BC1812071C69}.Debug|iPhone.ActiveCfg = Debug|Any CPU
		{E7344D7B-C2F0-48D0-83B2-BC1812071C69}.Debug|iPhone.Build.0 = Debug|Any CPU
		{E7344D7B-C2F0-48D0-83B2-BC1812071C69}.Debug|iPhone.Deploy.0 = Debug|Any CPU
		{E7344D7B-C2F0-48D0-83B2-BC1812071C69}.Debug|iPhoneSimulator.ActiveCfg = Debug|Any CPU
		{E7344D7B-C2F0-48D0-83B2-BC1812071C69}.Debug|iPhoneSimulator.Build.0 = Debug|Any CPU
		{E7344D7B-C2F0-48D0-83B2-BC1812071C69}.Debug|iPhoneSimulator.Deploy.0 = Debug|Any CPU
		{E7344D7B-C2F0-48D0-83B2-BC1812071C69}.Debug|x64.ActiveCfg = Debug|Any CPU
		{E7344D7B-C2F0-48D0-83B2-BC1812071C69}.Debug|x64.Build.0 = Debug|Any CPU
		{E7344D7B-C2F0-48D0-83B2-BC1812071C69}.Debug|x64.Deploy.0 = Debug|Any CPU
		{E7344D7B-C2F0-48D0-83B2-BC1812071C69}.Debug|x86.ActiveCfg = Debug|Any CPU
		{E7344D7B-C2F0-48D0-83B2-BC1812071C69}.Debug|x86.Build.0 = Debug|Any CPU
		{E7344D7B-C2F0-48D0-83B2-BC1812071C69}.Debug|x86.Deploy.0 = Debug|Any CPU
		{E7344D7B-C2F0-48D0-83B2-BC1812071C69}.Release|Any CPU.ActiveCfg = Release|Any CPU
		{E7344D7B-C2F0-48D0-83B2-BC1812071C69}.Release|Any CPU.Build.0 = Release|Any CPU
		{E7344D7B-C2F0-48D0-83B2-BC1812071C69}.Release|Any CPU.Deploy.0 = Release|Any CPU
		{E7344D7B-C2F0-48D0-83B2-BC1812071C69}.Release|ARM.ActiveCfg = Release|Any CPU
		{E7344D7B-C2F0-48D0-83B2-BC1812071C69}.Release|ARM.Build.0 = Release|Any CPU
		{E7344D7B-C2F0-48D0-83B2-BC1812071C69}.Release|ARM.Deploy.0 = Release|Any CPU
		{E7344D7B-C2F0-48D0-83B2-BC1812071C69}.Release|iPhone.ActiveCfg = Release|Any CPU
		{E7344D7B-C2F0-48D0-83B2-BC1812071C69}.Release|iPhone.Build.0 = Release|Any CPU
		{E7344D7B-C2F0-48D0-83B2-BC1812071C69}.Release|iPhone.Deploy.0 = Release|Any CPU
		{E7344D7B-C2F0-48D0-83B2-BC1812071C69}.Release|iPhoneSimulator.ActiveCfg = Release|Any CPU
		{E7344D7B-C2F0-48D0-83B2-BC1812071C69}.Release|iPhoneSimulator.Build.0 = Release|Any CPU
		{E7344D7B-C2F0-48D0-83B2-BC1812071C69}.Release|iPhoneSimulator.Deploy.0 = Release|Any CPU
		{E7344D7B-C2F0-48D0-83B2-BC1812071C69}.Release|x64.ActiveCfg = Release|Any CPU
		{E7344D7B-C2F0-48D0-83B2-BC1812071C69}.Release|x64.Build.0 = Release|Any CPU
		{E7344D7B-C2F0-48D0-83B2-BC1812071C69}.Release|x64.Deploy.0 = Release|Any CPU
		{E7344D7B-C2F0-48D0-83B2-BC1812071C69}.Release|x86.ActiveCfg = Release|Any CPU
		{E7344D7B-C2F0-48D0-83B2-BC1812071C69}.Release|x86.Build.0 = Release|Any CPU
		{E7344D7B-C2F0-48D0-83B2-BC1812071C69}.Release|x86.Deploy.0 = Release|Any CPU
		{A818FDCF-8E92-4B6E-8C91-A65B7FDE8949}.Ad-Hoc|Any CPU.ActiveCfg = Ad-Hoc|iPhone
		{A818FDCF-8E92-4B6E-8C91-A65B7FDE8949}.Ad-Hoc|ARM.ActiveCfg = Ad-Hoc|iPhone
		{A818FDCF-8E92-4B6E-8C91-A65B7FDE8949}.Ad-Hoc|iPhone.ActiveCfg = Ad-Hoc|iPhone
		{A818FDCF-8E92-4B6E-8C91-A65B7FDE8949}.Ad-Hoc|iPhone.Build.0 = Ad-Hoc|iPhone
		{A818FDCF-8E92-4B6E-8C91-A65B7FDE8949}.Ad-Hoc|iPhoneSimulator.ActiveCfg = Ad-Hoc|iPhoneSimulator
		{A818FDCF-8E92-4B6E-8C91-A65B7FDE8949}.Ad-Hoc|iPhoneSimulator.Build.0 = Ad-Hoc|iPhoneSimulator
		{A818FDCF-8E92-4B6E-8C91-A65B7FDE8949}.Ad-Hoc|x64.ActiveCfg = Ad-Hoc|iPhone
		{A818FDCF-8E92-4B6E-8C91-A65B7FDE8949}.Ad-Hoc|x86.ActiveCfg = Ad-Hoc|iPhone
		{A818FDCF-8E92-4B6E-8C91-A65B7FDE8949}.AppStore|Any CPU.ActiveCfg = AppStore|iPhone
		{A818FDCF-8E92-4B6E-8C91-A65B7FDE8949}.AppStore|ARM.ActiveCfg = AppStore|iPhone
		{A818FDCF-8E92-4B6E-8C91-A65B7FDE8949}.AppStore|iPhone.ActiveCfg = AppStore|iPhone
		{A818FDCF-8E92-4B6E-8C91-A65B7FDE8949}.AppStore|iPhone.Build.0 = AppStore|iPhone
		{A818FDCF-8E92-4B6E-8C91-A65B7FDE8949}.AppStore|iPhoneSimulator.ActiveCfg = AppStore|iPhoneSimulator
		{A818FDCF-8E92-4B6E-8C91-A65B7FDE8949}.AppStore|iPhoneSimulator.Build.0 = AppStore|iPhoneSimulator
		{A818FDCF-8E92-4B6E-8C91-A65B7FDE8949}.AppStore|x64.ActiveCfg = AppStore|iPhone
		{A818FDCF-8E92-4B6E-8C91-A65B7FDE8949}.AppStore|x86.ActiveCfg = AppStore|iPhone
		{A818FDCF-8E92-4B6E-8C91-A65B7FDE8949}.Debug|Any CPU.ActiveCfg = Debug|iPhone
		{A818FDCF-8E92-4B6E-8C91-A65B7FDE8949}.Debug|ARM.ActiveCfg = Debug|iPhone
		{A818FDCF-8E92-4B6E-8C91-A65B7FDE8949}.Debug|iPhone.ActiveCfg = Debug|iPhone
		{A818FDCF-8E92-4B6E-8C91-A65B7FDE8949}.Debug|iPhone.Build.0 = Debug|iPhone
		{A818FDCF-8E92-4B6E-8C91-A65B7FDE8949}.Debug|iPhoneSimulator.ActiveCfg = Debug|iPhoneSimulator
		{A818FDCF-8E92-4B6E-8C91-A65B7FDE8949}.Debug|iPhoneSimulator.Build.0 = Debug|iPhoneSimulator
		{A818FDCF-8E92-4B6E-8C91-A65B7FDE8949}.Debug|x64.ActiveCfg = Debug|iPhone
		{A818FDCF-8E92-4B6E-8C91-A65B7FDE8949}.Debug|x86.ActiveCfg = Debug|iPhone
		{A818FDCF-8E92-4B6E-8C91-A65B7FDE8949}.Release|Any CPU.ActiveCfg = Release|iPhone
		{A818FDCF-8E92-4B6E-8C91-A65B7FDE8949}.Release|ARM.ActiveCfg = Release|iPhone
		{A818FDCF-8E92-4B6E-8C91-A65B7FDE8949}.Release|iPhone.ActiveCfg = Release|iPhone
		{A818FDCF-8E92-4B6E-8C91-A65B7FDE8949}.Release|iPhone.Build.0 = Release|iPhone
		{A818FDCF-8E92-4B6E-8C91-A65B7FDE8949}.Release|iPhoneSimulator.ActiveCfg = Release|iPhoneSimulator
		{A818FDCF-8E92-4B6E-8C91-A65B7FDE8949}.Release|iPhoneSimulator.Build.0 = Release|iPhoneSimulator
		{A818FDCF-8E92-4B6E-8C91-A65B7FDE8949}.Release|x64.ActiveCfg = Release|iPhone
		{A818FDCF-8E92-4B6E-8C91-A65B7FDE8949}.Release|x86.ActiveCfg = Release|iPhone
		{9D77C554-F6D9-4269-AE86-EBBA62685774}.Ad-Hoc|Any CPU.ActiveCfg = Release|x86
		{9D77C554-F6D9-4269-AE86-EBBA62685774}.Ad-Hoc|Any CPU.Build.0 = Release|x86
		{9D77C554-F6D9-4269-AE86-EBBA62685774}.Ad-Hoc|Any CPU.Deploy.0 = Release|x86
		{9D77C554-F6D9-4269-AE86-EBBA62685774}.Ad-Hoc|ARM.ActiveCfg = Release|ARM
		{9D77C554-F6D9-4269-AE86-EBBA62685774}.Ad-Hoc|ARM.Build.0 = Release|ARM
		{9D77C554-F6D9-4269-AE86-EBBA62685774}.Ad-Hoc|ARM.Deploy.0 = Release|ARM
		{9D77C554-F6D9-4269-AE86-EBBA62685774}.Ad-Hoc|iPhone.ActiveCfg = Release|x86
		{9D77C554-F6D9-4269-AE86-EBBA62685774}.Ad-Hoc|iPhone.Build.0 = Release|x86
		{9D77C554-F6D9-4269-AE86-EBBA62685774}.Ad-Hoc|iPhone.Deploy.0 = Release|x86
		{9D77C554-F6D9-4269-AE86-EBBA62685774}.Ad-Hoc|iPhoneSimulator.ActiveCfg = Release|x86
		{9D77C554-F6D9-4269-AE86-EBBA62685774}.Ad-Hoc|iPhoneSimulator.Build.0 = Release|x86
		{9D77C554-F6D9-4269-AE86-EBBA62685774}.Ad-Hoc|iPhoneSimulator.Deploy.0 = Release|x86
		{9D77C554-F6D9-4269-AE86-EBBA62685774}.Ad-Hoc|x64.ActiveCfg = Release|x64
		{9D77C554-F6D9-4269-AE86-EBBA62685774}.Ad-Hoc|x64.Build.0 = Release|x64
		{9D77C554-F6D9-4269-AE86-EBBA62685774}.Ad-Hoc|x64.Deploy.0 = Release|x64
		{9D77C554-F6D9-4269-AE86-EBBA62685774}.Ad-Hoc|x86.ActiveCfg = Release|x86
		{9D77C554-F6D9-4269-AE86-EBBA62685774}.Ad-Hoc|x86.Build.0 = Release|x86
		{9D77C554-F6D9-4269-AE86-EBBA62685774}.Ad-Hoc|x86.Deploy.0 = Release|x86
		{9D77C554-F6D9-4269-AE86-EBBA62685774}.AppStore|Any CPU.ActiveCfg = Release|x86
		{9D77C554-F6D9-4269-AE86-EBBA62685774}.AppStore|Any CPU.Build.0 = Release|x86
		{9D77C554-F6D9-4269-AE86-EBBA62685774}.AppStore|Any CPU.Deploy.0 = Release|x86
		{9D77C554-F6D9-4269-AE86-EBBA62685774}.AppStore|ARM.ActiveCfg = Release|ARM
		{9D77C554-F6D9-4269-AE86-EBBA62685774}.AppStore|ARM.Build.0 = Release|ARM
		{9D77C554-F6D9-4269-AE86-EBBA62685774}.AppStore|ARM.Deploy.0 = Release|ARM
		{9D77C554-F6D9-4269-AE86-EBBA62685774}.AppStore|iPhone.ActiveCfg = Release|x86
		{9D77C554-F6D9-4269-AE86-EBBA62685774}.AppStore|iPhoneSimulator.ActiveCfg = Release|x86
		{9D77C554-F6D9-4269-AE86-EBBA62685774}.AppStore|iPhoneSimulator.Build.0 = Release|x86
		{9D77C554-F6D9-4269-AE86-EBBA62685774}.AppStore|iPhoneSimulator.Deploy.0 = Release|x86
		{9D77C554-F6D9-4269-AE86-EBBA62685774}.AppStore|x64.ActiveCfg = Release|x64
		{9D77C554-F6D9-4269-AE86-EBBA62685774}.AppStore|x64.Build.0 = Release|x64
		{9D77C554-F6D9-4269-AE86-EBBA62685774}.AppStore|x64.Deploy.0 = Release|x64
		{9D77C554-F6D9-4269-AE86-EBBA62685774}.AppStore|x86.ActiveCfg = Release|x86
		{9D77C554-F6D9-4269-AE86-EBBA62685774}.AppStore|x86.Build.0 = Release|x86
		{9D77C554-F6D9-4269-AE86-EBBA62685774}.AppStore|x86.Deploy.0 = Release|x86
		{9D77C554-F6D9-4269-AE86-EBBA62685774}.Debug|Any CPU.ActiveCfg = Debug|x86
		{9D77C554-F6D9-4269-AE86-EBBA62685774}.Debug|ARM.ActiveCfg = Debug|ARM
		{9D77C554-F6D9-4269-AE86-EBBA62685774}.Debug|ARM.Build.0 = Debug|ARM
		{9D77C554-F6D9-4269-AE86-EBBA62685774}.Debug|ARM.Deploy.0 = Debug|ARM
		{9D77C554-F6D9-4269-AE86-EBBA62685774}.Debug|iPhone.ActiveCfg = Debug|x86
		{9D77C554-F6D9-4269-AE86-EBBA62685774}.Debug|iPhoneSimulator.ActiveCfg = Debug|x86
		{9D77C554-F6D9-4269-AE86-EBBA62685774}.Debug|x64.ActiveCfg = Debug|x64
		{9D77C554-F6D9-4269-AE86-EBBA62685774}.Debug|x64.Build.0 = Debug|x64
		{9D77C554-F6D9-4269-AE86-EBBA62685774}.Debug|x64.Deploy.0 = Debug|x64
		{9D77C554-F6D9-4269-AE86-EBBA62685774}.Debug|x86.ActiveCfg = Debug|x86
		{9D77C554-F6D9-4269-AE86-EBBA62685774}.Debug|x86.Build.0 = Debug|x86
		{9D77C554-F6D9-4269-AE86-EBBA62685774}.Debug|x86.Deploy.0 = Debug|x86
		{9D77C554-F6D9-4269-AE86-EBBA62685774}.Release|Any CPU.ActiveCfg = Release|x86
		{9D77C554-F6D9-4269-AE86-EBBA62685774}.Release|ARM.ActiveCfg = Release|ARM
		{9D77C554-F6D9-4269-AE86-EBBA62685774}.Release|ARM.Build.0 = Release|ARM
		{9D77C554-F6D9-4269-AE86-EBBA62685774}.Release|ARM.Deploy.0 = Release|ARM
		{9D77C554-F6D9-4269-AE86-EBBA62685774}.Release|iPhone.ActiveCfg = Release|x86
		{9D77C554-F6D9-4269-AE86-EBBA62685774}.Release|iPhoneSimulator.ActiveCfg = Release|x86
		{9D77C554-F6D9-4269-AE86-EBBA62685774}.Release|x64.ActiveCfg = Release|x64
		{9D77C554-F6D9-4269-AE86-EBBA62685774}.Release|x64.Build.0 = Release|x64
		{9D77C554-F6D9-4269-AE86-EBBA62685774}.Release|x64.Deploy.0 = Release|x64
		{9D77C554-F6D9-4269-AE86-EBBA62685774}.Release|x86.ActiveCfg = Release|x86
		{9D77C554-F6D9-4269-AE86-EBBA62685774}.Release|x86.Build.0 = Release|x86
		{9D77C554-F6D9-4269-AE86-EBBA62685774}.Release|x86.Deploy.0 = Release|x86
	EndGlobalSection
	GlobalSection(SolutionProperties) = preSolution
		HideSolutionNode = FALSE
	EndGlobalSection
EndGlobal
